
Microsoft Visual Studio Solution File, Format Version 12.00
# Visual Studio Version 17
VisualStudioVersion = 17.8.34525.116
MinimumVisualStudioVersion = 10.0.40219.1
Project("{8BC9CEB8-8B4A-11D0-8D11-00A0C91BC942}") = "QtChessGame", "QtChessGame\QtChessGame.vcxproj", "{E9BC6327-7944-4897-B331-0C524052D340}"
EndProject
Global
	GlobalSection(SolutionConfigurationPlatforms) = preSolution
		Debug|x64 = Debug|x64
		Release|x64 = Release|x64
	EndGlobalSection
	GlobalSection(ProjectConfigurationPlatforms) = postSolution
		{E9BC6327-7944-4897-B331-0C524052D340}.Debug|x64.ActiveCfg = Debug|x64
		{E9BC6327-7944-4897-B331-0C524052D340}.Debug|x64.Build.0 = Debug|x64
		{E9BC6327-7944-4897-B331-0C524052D340}.Release|x64.ActiveCfg = Release|x64
		{E9BC6327-7944-4897-B331-0C524052D340}.Release|x64.Build.0 = Release|x64
	EndGlobalSection
	GlobalSection(SolutionProperties) = preSolution
		HideSolutionNode = FALSE
	EndGlobalSection
	GlobalSection(ExtensibilityGlobals) = postSolution
		SolutionGuid = {4E4DAB5F-8938-43C1-8311-3C60B143C609}
	EndGlobalSection
EndGlobal
